
Microsoft Visual Studio Solution File, Format Version 10.00
# Visual Studio 2008
Project("{FAE04EC0-301F-11D3-BF4B-00C04F79EFBC}") = "nugr.application", "nugr.fibonnacci\nugr.application.csproj", "{DCC21173-4A8A-431E-8640-11B965553C8C}"
EndProject
Project("{FAE04EC0-301F-11D3-BF4B-00C04F79EFBC}") = "nugr.application_test", "nugr.finbonnacci_test\nugr.application_test.csproj", "{4F601222-5ABF-40AB-9222-3ADB0F33AF5D}"
EndProject
Global
	GlobalSection(SolutionConfigurationPlatforms) = preSolution
		Debug|Any CPU = Debug|Any CPU
		Release|Any CPU = Release|Any CPU
	EndGlobalSection
	GlobalSection(ProjectConfigurationPlatforms) = postSolution
		{DCC21173-4A8A-431E-8640-11B965553C8C}.Debug|Any CPU.ActiveCfg = Debug|Any CPU
		{DCC21173-4A8A-431E-8640-11B965553C8C}.Debug|Any CPU.Build.0 = Debug|Any CPU
		{DCC21173-4A8A-431E-8640-11B965553C8C}.Release|Any CPU.ActiveCfg = Release|Any CPU
		{DCC21173-4A8A-431E-8640-11B965553C8C}.Release|Any CPU.Build.0 = Release|Any CPU
		{4F601222-5ABF-40AB-9222-3ADB0F33AF5D}.Debug|Any CPU.ActiveCfg = Debug|Any CPU
		{4F601222-5ABF-40AB-9222-3ADB0F33AF5D}.Debug|Any CPU.Build.0 = Debug|Any CPU
		{4F601222-5ABF-40AB-9222-3ADB0F33AF5D}.Release|Any CPU.ActiveCfg = Release|Any CPU
		{4F601222-5ABF-40AB-9222-3ADB0F33AF5D}.Release|Any CPU.Build.0 = Release|Any CPU
	EndGlobalSection
	GlobalSection(SolutionProperties) = preSolution
		HideSolutionNode = FALSE
	EndGlobalSection
EndGlobal
