
Microsoft Visual Studio Solution File, Format Version 10.00
# Visual Studio 2008
Project("{FAE04EC0-301F-11D3-BF4B-00C04F79EFBC}") = "nugr.uiportal", "nugr.uiportal\nugr.uiportal.csproj", "{79CE45D3-853B-4F9A-80C3-FB72F77CEDC3}"
EndProject
Project("{FAE04EC0-301F-11D3-BF4B-00C04F79EFBC}") = "test.uiportal", "test.uiportal\test.uiportal.csproj", "{645B7E69-902F-474F-8C70-0CE788209482}"
EndProject
Global
	GlobalSection(SolutionConfigurationPlatforms) = preSolution
		Debug|Any CPU = Debug|Any CPU
		Release|Any CPU = Release|Any CPU
	EndGlobalSection
	GlobalSection(ProjectConfigurationPlatforms) = postSolution
		{79CE45D3-853B-4F9A-80C3-FB72F77CEDC3}.Debug|Any CPU.ActiveCfg = Debug|Any CPU
		{79CE45D3-853B-4F9A-80C3-FB72F77CEDC3}.Debug|Any CPU.Build.0 = Debug|Any CPU
		{79CE45D3-853B-4F9A-80C3-FB72F77CEDC3}.Release|Any CPU.ActiveCfg = Release|Any CPU
		{79CE45D3-853B-4F9A-80C3-FB72F77CEDC3}.Release|Any CPU.Build.0 = Release|Any CPU
		{645B7E69-902F-474F-8C70-0CE788209482}.Debug|Any CPU.ActiveCfg = Debug|Any CPU
		{645B7E69-902F-474F-8C70-0CE788209482}.Debug|Any CPU.Build.0 = Debug|Any CPU
		{645B7E69-902F-474F-8C70-0CE788209482}.Release|Any CPU.ActiveCfg = Release|Any CPU
		{645B7E69-902F-474F-8C70-0CE788209482}.Release|Any CPU.Build.0 = Release|Any CPU
	EndGlobalSection
	GlobalSection(SolutionProperties) = preSolution
		HideSolutionNode = FALSE
	EndGlobalSection
EndGlobal
