
Microsoft Visual Studio Solution File, Format Version 10.00
# Visual Studio 2008
Project("{FAE04EC0-301F-11D3-BF4B-00C04F79EFBC}") = "nugr.calculator", "nugr.calculator\nugr.calculator.csproj", "{DE265A62-56F4-4981-A5C5-F98E089636E5}"
EndProject
Project("{FAE04EC0-301F-11D3-BF4B-00C04F79EFBC}") = "test.calculator", "test.calculator\test.calculator.csproj", "{047FC630-D726-4BFD-A09A-9B84BB1EF729}"
EndProject
Global
	GlobalSection(SolutionConfigurationPlatforms) = preSolution
		Debug|Any CPU = Debug|Any CPU
		Release|Any CPU = Release|Any CPU
	EndGlobalSection
	GlobalSection(ProjectConfigurationPlatforms) = postSolution
		{DE265A62-56F4-4981-A5C5-F98E089636E5}.Debug|Any CPU.ActiveCfg = Debug|Any CPU
		{DE265A62-56F4-4981-A5C5-F98E089636E5}.Debug|Any CPU.Build.0 = Debug|Any CPU
		{DE265A62-56F4-4981-A5C5-F98E089636E5}.Release|Any CPU.ActiveCfg = Release|Any CPU
		{DE265A62-56F4-4981-A5C5-F98E089636E5}.Release|Any CPU.Build.0 = Release|Any CPU
		{047FC630-D726-4BFD-A09A-9B84BB1EF729}.Debug|Any CPU.ActiveCfg = Debug|Any CPU
		{047FC630-D726-4BFD-A09A-9B84BB1EF729}.Debug|Any CPU.Build.0 = Debug|Any CPU
		{047FC630-D726-4BFD-A09A-9B84BB1EF729}.Release|Any CPU.ActiveCfg = Release|Any CPU
		{047FC630-D726-4BFD-A09A-9B84BB1EF729}.Release|Any CPU.Build.0 = Release|Any CPU
	EndGlobalSection
	GlobalSection(SolutionProperties) = preSolution
		HideSolutionNode = FALSE
	EndGlobalSection
EndGlobal
